<?xml version="1.0" encoding="utf-8"?>
<Project ToolsVersion="4.0" xmlns="http://schemas.microsoft.com/developer/msbuild/2003">
  <ItemGroup>
    <Filter Include="Source Files">
      <UniqueIdentifier>{4FC737F1-C7A5-4376-A066-2A32D752A2FF}</UniqueIdentifier>
      <Extensions>cpp;c;cc;cxx;def;odl;idl;hpj;bat;asm;asmx</Extensions>
    </Filter>
    <Filter Include="Header Files">
      <UniqueIdentifier>{93995380-89BD-4b04-88EB-625FBE52EBFB}</UniqueIdentifier>
      <Extensions>h;hh;hpp;hxx;hm;inl;inc;xsd</Extensions>
    </Filter>
    <Filter Include="Resource Files">
      <UniqueIdentifier>{67DA6AB6-F800-4c08-8B7A-83BB121AAD01}</UniqueIdentifier>
      <Extensions>rc;ico;cur;bmp;dlg;rc2;rct;bin;rgs;gif;jpg;jpeg;jpe;resx;tiff;tif;png;wav;mfcribbon-ms</Extensions>
    </Filter>
  </ItemGroup>
  <ItemGroup>
    <Text Include="readme.txt" />
  </ItemGroup>
  <ItemGroup>
    <ClCompile Include="Logica\Private\LogicService.cpp">
      <Filter>Source Files</Filter>
    </ClCompile>
    <ClCompile Include="Logica\Private\SchroedingerApplication.cpp">
      <Filter>Source Files</Filter>
    </ClCompile>
    <ClCompile Include="Console\Private\ConsoleService.cpp">
      <Filter>Source Files</Filter>
    </ClCompile>
    <ClCompile Include="Core\Private\ServiceProvider.cpp">
      <Filter>Source Files</Filter>
    </ClCompile>
    <ClCompile Include="DataExplorer\Private\DataExplorer.cpp">
      <Filter>Source Files</Filter>
    </ClCompile>
    <ClCompile Include="DataInterpretation\Private\Draw_2D.cpp">
      <Filter>Source Files</Filter>
    </ClCompile>
    <ClCompile Include="DataInterpretation\Private\ExData.cpp">
      <Filter>Source Files</Filter>
    </ClCompile>
    <ClCompile Include="DataInterpretation\Private\ExDSet.cpp">
      <Filter>Source Files</Filter>
    </ClCompile>
    <ClCompile Include="DataInterpretation\Private\ExGroup.cpp">
      <Filter>Source Files</Filter>
    </ClCompile>
    <ClCompile Include="DataInterpretation\Private\GroupCrit_Equal.cpp">
      <Filter>Source Files</Filter>
    </ClCompile>
    <ClCompile Include="DataInterpretation\Private\GroupCrit_Parentage.cpp">
      <Filter>Source Files</Filter>
    </ClCompile>
    <ClCompile Include="DataInterpretation\Private\GroupFunc_DataPoints.cpp">
      <Filter>Source Files</Filter>
    </ClCompile>
    <ClCompile Include="DataInterpretation\Private\GroupFunc_List.cpp">
      <Filter>Source Files</Filter>
    </ClCompile>
    <ClCompile Include="DataInterpretation\Private\MeaningService.cpp">
      <Filter>Source Files</Filter>
    </ClCompile>
    <ClCompile Include="DataStatistics\Private\DebugVisual.cpp">
      <Filter>Source Files</Filter>
    </ClCompile>
    <ClCompile Include="DataStatistics\Private\Statistics.cpp">
      <Filter>Source Files</Filter>
    </ClCompile>
    <ClCompile Include="InternalCommunication\Private\ComService.cpp">
      <Filter>Source Files</Filter>
    </ClCompile>
    <ClCompile Include="InternalCommunication\Private\IIComIn.cpp">
      <Filter>Source Files</Filter>
    </ClCompile>
    <ClCompile Include="InternalCommunication\Private\IIComIO.cpp">
      <Filter>Source Files</Filter>
    </ClCompile>
    <ClCompile Include="InternalCommunication\Private\IIComOut.cpp">
      <Filter>Source Files</Filter>
    </ClCompile>
    <ClCompile Include="Logging\Private\DebugService.cpp">
      <Filter>Source Files</Filter>
    </ClCompile>
    <ClCompile Include="Logging\Private\IIDebuggable.cpp">
      <Filter>Source Files</Filter>
    </ClCompile>
  </ItemGroup>
  <ItemGroup>
    <ClInclude Include="Logica\Public\LogicService.h">
      <Filter>Header Files</Filter>
    </ClInclude>
    <ClInclude Include="Logica\Public\SchroedingerApplication.h">
      <Filter>Header Files</Filter>
    </ClInclude>
    <ClInclude Include="Console\Public\ConsoleService.h">
      <Filter>Header Files</Filter>
    </ClInclude>
    <ClInclude Include="Core\Classes\PrivateDefinitions.h">
      <Filter>Header Files</Filter>
    </ClInclude>
    <ClInclude Include="Core\Public\ServiceProvider.h">
      <Filter>Header Files</Filter>
    </ClInclude>
    <ClInclude Include="DataExplorer\Public\DataExplorer.h">
      <Filter>Header Files</Filter>
    </ClInclude>
    <ClInclude Include="DataInterpretation\Public\Draw_2D.h">
      <Filter>Header Files</Filter>
    </ClInclude>
    <ClInclude Include="DataInterpretation\Public\ExData.h">
      <Filter>Header Files</Filter>
    </ClInclude>
    <ClInclude Include="DataInterpretation\Public\ExDSet.h">
      <Filter>Header Files</Filter>
    </ClInclude>
    <ClInclude Include="DataInterpretation\Public\ExGroup.h">
      <Filter>Header Files</Filter>
    </ClInclude>
    <ClInclude Include="DataInterpretation\Public\GroupCrit_Equal.h">
      <Filter>Header Files</Filter>
    </ClInclude>
    <ClInclude Include="DataInterpretation\Public\GroupCrit_Parentage.h">
      <Filter>Header Files</Filter>
    </ClInclude>
    <ClInclude Include="DataInterpretation\Public\GroupFunc_DataPoints.h">
      <Filter>Header Files</Filter>
    </ClInclude>
    <ClInclude Include="DataInterpretation\Public\GroupFunc_List.h">
      <Filter>Header Files</Filter>
    </ClInclude>
    <ClInclude Include="DataInterpretation\Public\IDraw.h">
      <Filter>Header Files</Filter>
    </ClInclude>
    <ClInclude Include="DataInterpretation\Public\IGroupFunction.h">
      <Filter>Header Files</Filter>
    </ClInclude>
    <ClInclude Include="DataInterpretation\Public\IGroupingCriteria.h">
      <Filter>Header Files</Filter>
    </ClInclude>
    <ClInclude Include="DataInterpretation\Public\MeaningService.h">
      <Filter>Header Files</Filter>
    </ClInclude>
    <ClInclude Include="DataStatistics\Public\DebugVisual.h">
      <Filter>Header Files</Filter>
    </ClInclude>
    <ClInclude Include="DataStatistics\Public\Statistics.h">
      <Filter>Header Files</Filter>
    </ClInclude>
    <ClInclude Include="InternalCommunication\Public\Com_Cmd.h">
      <Filter>Header Files</Filter>
    </ClInclude>
    <ClInclude Include="InternalCommunication\Public\ComService.h">
      <Filter>Header Files</Filter>
    </ClInclude>
    <ClInclude Include="InternalCommunication\Public\ICmd.h">
      <Filter>Header Files</Filter>
    </ClInclude>
    <ClInclude Include="InternalCommunication\Public\ICom.h">
      <Filter>Header Files</Filter>
    </ClInclude>
    <ClInclude Include="InternalCommunication\Public\IIComIn.h">
      <Filter>Header Files</Filter>
    </ClInclude>
    <ClInclude Include="InternalCommunication\Public\IIComIO.h">
      <Filter>Header Files</Filter>
    </ClInclude>
    <ClInclude Include="InternalCommunication\Public\IIComOut.h">
      <Filter>Header Files</Filter>
    </ClInclude>
    <ClInclude Include="Logging\Public\DebugService.h">
      <Filter>Header Files</Filter>
    </ClInclude>
    <ClInclude Include="Logging\Public\IIDebuggable.h">
      <Filter>Header Files</Filter>
    </ClInclude>
  </ItemGroup>
  <ItemGroup>
    <None Include="Makefile.generated.mk" />
    <None Include="Makefile.generated.mkcfg" />
    <None Include="Project.mkcfg" />
  </ItemGroup>
</Project>