<?xml version="1.0" encoding="utf-8"?>
<Project ToolsVersion="4.0" xmlns="http://schemas.microsoft.com/developer/msbuild/2003">
  <ItemGroup>
    <Filter Include="Source Files">
      <UniqueIdentifier>{4FC737F1-C7A5-4376-A066-2A32D752A2FF}</UniqueIdentifier>
      <Extensions>cpp;c;cc;cxx;def;odl;idl;hpj;bat;asm;asmx</Extensions>
    </Filter>
    <Filter Include="Header Files">
      <UniqueIdentifier>{93995380-89BD-4b04-88EB-625FBE52EBFB}</UniqueIdentifier>
      <Extensions>h;hh;hpp;hxx;hm;inl;inc;xsd</Extensions>
    </Filter>
    <Filter Include="Resource Files">
      <UniqueIdentifier>{67DA6AB6-F800-4c08-8B7A-83BB121AAD01}</UniqueIdentifier>
      <Extensions>rc;ico;cur;bmp;dlg;rc2;rct;bin;rgs;gif;jpg;jpeg;jpe;resx;tiff;tif;png;wav;mfcribbon-ms</Extensions>
    </Filter>
  </ItemGroup>
  <ItemGroup>
    <ClCompile Include="Thread\Private\Thread.cpp">
      <Filter>Source Files</Filter>
    </ClCompile>
    <ClCompile Include="Command\Private\Command.cpp">
      <Filter>Source Files</Filter>
    </ClCompile>
    <ClCompile Include="Event\Private\Event.cpp">
      <Filter>Source Files</Filter>
    </ClCompile>
    <ClCompile Include="File\Private\File.cpp">
      <Filter>Source Files</Filter>
    </ClCompile>
    <ClCompile Include="File\Private\FileObject.cpp">
      <Filter>Source Files</Filter>
    </ClCompile>
    <ClCompile Include="File\Private\FileObjectFactory.cpp">
      <Filter>Source Files</Filter>
    </ClCompile>
    <ClCompile Include="File\Private\PropertyTag.cpp">
      <Filter>Source Files</Filter>
    </ClCompile>
    <ClCompile Include="File\Private\PropertyTagFactory.cpp">
      <Filter>Source Files</Filter>
    </ClCompile>
    <ClCompile Include="File\Private\SaveFile.cpp">
      <Filter>Source Files</Filter>
    </ClCompile>
    <ClCompile Include="File\Private\TextFile.cpp">
      <Filter>Source Files</Filter>
    </ClCompile>
    <ClCompile Include="Global\Private\Globals.cpp">
      <Filter>Source Files</Filter>
    </ClCompile>
    <ClCompile Include="Mathematics\Functions\Private\ExponentialFunction.cpp">
      <Filter>Source Files</Filter>
    </ClCompile>
    <ClCompile Include="Mathematics\Functions\Private\GenericMathFunction.cpp">
      <Filter>Source Files</Filter>
    </ClCompile>
    <ClCompile Include="Mathematics\Functions\Private\LinearFunction.cpp">
      <Filter>Source Files</Filter>
    </ClCompile>
    <ClCompile Include="Mathematics\Functions\Private\ReversedExponentialFunction.cpp">
      <Filter>Source Files</Filter>
    </ClCompile>
    <ClCompile Include="Mathematics\Random\Private\Random.cpp">
      <Filter>Source Files</Filter>
    </ClCompile>
    <ClCompile Include="Mathematics\Runtime\Private\Constant.cpp">
      <Filter>Source Files</Filter>
    </ClCompile>
    <ClCompile Include="Mathematics\Runtime\Private\EquationString.cpp">
      <Filter>Source Files</Filter>
    </ClCompile>
    <ClCompile Include="Mathematics\Runtime\Private\EquationToken.cpp">
      <Filter>Source Files</Filter>
    </ClCompile>
    <ClCompile Include="Mathematics\Runtime\Private\EquationTokens.cpp">
      <Filter>Source Files</Filter>
    </ClCompile>
    <ClCompile Include="Mathematics\Runtime\Private\FunctionCache.cpp">
      <Filter>Source Files</Filter>
    </ClCompile>
    <ClCompile Include="Mathematics\Runtime\Private\FunctionCacheItem.cpp">
      <Filter>Source Files</Filter>
    </ClCompile>
    <ClCompile Include="Mathematics\Runtime\Private\MathContainer.cpp">
      <Filter>Source Files</Filter>
    </ClCompile>
    <ClCompile Include="Mathematics\Runtime\Private\OP_Add.cpp">
      <Filter>Source Files</Filter>
    </ClCompile>
    <ClCompile Include="Mathematics\Runtime\Private\OP_CalculateFunction.cpp">
      <Filter>Source Files</Filter>
    </ClCompile>
    <ClCompile Include="Mathematics\Runtime\Private\OP_Divide.cpp">
      <Filter>Source Files</Filter>
    </ClCompile>
    <ClCompile Include="Mathematics\Runtime\Private\OP_GreaterThan.cpp">
      <Filter>Source Files</Filter>
    </ClCompile>
    <ClCompile Include="Mathematics\Runtime\Private\OP_If.cpp">
      <Filter>Source Files</Filter>
    </ClCompile>
    <ClCompile Include="Mathematics\Runtime\Private\OP_Multiply.cpp">
      <Filter>Source Files</Filter>
    </ClCompile>
    <ClCompile Include="Mathematics\Runtime\Private\OP_Select.cpp">
      <Filter>Source Files</Filter>
    </ClCompile>
    <ClCompile Include="Mathematics\Runtime\Private\OP_Substract.cpp">
      <Filter>Source Files</Filter>
    </ClCompile>
    <ClCompile Include="Mathematics\Runtime\Private\Operation.cpp">
      <Filter>Source Files</Filter>
    </ClCompile>
    <ClCompile Include="Mathematics\Runtime\Private\Value.cpp">
      <Filter>Source Files</Filter>
    </ClCompile>
    <ClCompile Include="Mathematics\Runtime\Private\Value_ID.cpp">
      <Filter>Source Files</Filter>
    </ClCompile>
    <ClCompile Include="Mathematics\Runtime\Private\Variable.cpp">
      <Filter>Source Files</Filter>
    </ClCompile>
    <ClCompile Include="PreProcessor\Private\CPPExtensions.cpp">
      <Filter>Source Files</Filter>
    </ClCompile>
    <ClCompile Include="Reflection\Atomic\Private\Atom.cpp">
      <Filter>Source Files</Filter>
    </ClCompile>
    <ClCompile Include="Reflection\Atomic\Private\AtomReflection.cpp">
      <Filter>Source Files</Filter>
    </ClCompile>
    <ClCompile Include="Reflection\Atomic\Private\AtomReflectionProvider.cpp">
      <Filter>Source Files</Filter>
    </ClCompile>
    <ClCompile Include="Reflection\Atomic\Private\ReflectionFactory.cpp">
      <Filter>Source Files</Filter>
    </ClCompile>
    <ClCompile Include="Reflection\Atomic\Private\RPointerReflection.cpp">
      <Filter>Source Files</Filter>
    </ClCompile>
    <ClCompile Include="Reflection\Atomic\Private\VectorAtomReflection.cpp">
      <Filter>Source Files</Filter>
    </ClCompile>
    <ClCompile Include="Reflection\Element\Private\Element_ID.cpp">
      <Filter>Source Files</Filter>
    </ClCompile>
    <ClCompile Include="Reflection\Element\Private\ElementReflection.cpp">
      <Filter>Source Files</Filter>
    </ClCompile>
    <ClCompile Include="Reflection\Element\Private\ElementReflectionProvider.cpp">
      <Filter>Source Files</Filter>
    </ClCompile>
    <ClCompile Include="Reflection\Element\Private\RAbstractClass.cpp">
      <Filter>Source Files</Filter>
    </ClCompile>
    <ClCompile Include="Reflection\Element\Private\RApplication.cpp">
      <Filter>Source Files</Filter>
    </ClCompile>
    <ClCompile Include="Reflection\Element\Private\RClass.cpp">
      <Filter>Source Files</Filter>
    </ClCompile>
    <ClCompile Include="Reflection\Element\Private\RContainer.cpp">
      <Filter>Source Files</Filter>
    </ClCompile>
    <ClCompile Include="Reflection\Element\Private\RElement.cpp">
      <Filter>Source Files</Filter>
    </ClCompile>
    <ClCompile Include="Reflection\Element\Private\RFunction.cpp">
      <Filter>Source Files</Filter>
    </ClCompile>
    <ClCompile Include="Reflection\Element\Private\RPointer.cpp">
      <Filter>Source Files</Filter>
    </ClCompile>
    <ClCompile Include="Reflection\Element\Private\RService.cpp">
      <Filter>Source Files</Filter>
    </ClCompile>
    <ClCompile Include="Reflection\Type\Private\TypeID.cpp">
      <Filter>Source Files</Filter>
    </ClCompile>
    <ClCompile Include="Reflection\Type\Private\VoidPointer.cpp">
      <Filter>Source Files</Filter>
    </ClCompile>
  </ItemGroup>
  <ItemGroup>
    <ClInclude Include="Thread\Public\Thread.h">
      <Filter>Header Files</Filter>
    </ClInclude>
    <ClInclude Include="Command\Public\Command.h">
      <Filter>Header Files</Filter>
    </ClInclude>
    <ClInclude Include="Command\Public\CommandExecutor.h">
      <Filter>Header Files</Filter>
    </ClInclude>
    <ClInclude Include="Event\Public\Event.h">
      <Filter>Header Files</Filter>
    </ClInclude>
    <ClInclude Include="Event\Public\EventDetails.h">
      <Filter>Header Files</Filter>
    </ClInclude>
    <ClInclude Include="File\Public\File.h">
      <Filter>Header Files</Filter>
    </ClInclude>
    <ClInclude Include="File\Public\FileObject.h">
      <Filter>Header Files</Filter>
    </ClInclude>
    <ClInclude Include="File\Public\FileObjectFactory.h">
      <Filter>Header Files</Filter>
    </ClInclude>
    <ClInclude Include="File\Public\PropertyTag.h">
      <Filter>Header Files</Filter>
    </ClInclude>
    <ClInclude Include="File\Public\PropertyTagFactory.h">
      <Filter>Header Files</Filter>
    </ClInclude>
    <ClInclude Include="File\Public\SaveFile.h">
      <Filter>Header Files</Filter>
    </ClInclude>
    <ClInclude Include="File\Public\TextFile.h">
      <Filter>Header Files</Filter>
    </ClInclude>
    <ClInclude Include="Global\Public\GlobalsImport.h">
      <Filter>Header Files</Filter>
    </ClInclude>
    <ClInclude Include="Mathematics\DataStructures\Public\Matrix2D.h">
      <Filter>Header Files</Filter>
    </ClInclude>
    <ClInclude Include="Mathematics\DataStructures\Public\Range.h">
      <Filter>Header Files</Filter>
    </ClInclude>
    <ClInclude Include="Mathematics\DataStructures\Public\Vector2D.h">
      <Filter>Header Files</Filter>
    </ClInclude>
    <ClInclude Include="Mathematics\DataStructures\Public\VectorND.h">
      <Filter>Header Files</Filter>
    </ClInclude>
    <ClInclude Include="Mathematics\Functions\Public\ExponentialFunction.h">
      <Filter>Header Files</Filter>
    </ClInclude>
    <ClInclude Include="Mathematics\Functions\Public\GenericMathFunction.h">
      <Filter>Header Files</Filter>
    </ClInclude>
    <ClInclude Include="Mathematics\Functions\Public\IFunction.h">
      <Filter>Header Files</Filter>
    </ClInclude>
    <ClInclude Include="Mathematics\Functions\Public\LinearFunction.h">
      <Filter>Header Files</Filter>
    </ClInclude>
    <ClInclude Include="Mathematics\Functions\Public\ReversedExponentialFunction.h">
      <Filter>Header Files</Filter>
    </ClInclude>
    <ClInclude Include="Mathematics\Random\Public\Random.h">
      <Filter>Header Files</Filter>
    </ClInclude>
    <ClInclude Include="Mathematics\Runtime\Public\Constant.h">
      <Filter>Header Files</Filter>
    </ClInclude>
    <ClInclude Include="Mathematics\Runtime\Public\EquationString.h">
      <Filter>Header Files</Filter>
    </ClInclude>
    <ClInclude Include="Mathematics\Runtime\Public\EquationToken.h">
      <Filter>Header Files</Filter>
    </ClInclude>
    <ClInclude Include="Mathematics\Runtime\Public\EquationTokens.h">
      <Filter>Header Files</Filter>
    </ClInclude>
    <ClInclude Include="Mathematics\Runtime\Public\FunctionCache.h">
      <Filter>Header Files</Filter>
    </ClInclude>
    <ClInclude Include="Mathematics\Runtime\Public\FunctionCacheItem.h">
      <Filter>Header Files</Filter>
    </ClInclude>
    <ClInclude Include="Mathematics\Runtime\Public\MathContainer.h">
      <Filter>Header Files</Filter>
    </ClInclude>
    <ClInclude Include="Mathematics\Runtime\Public\OP_Add.h">
      <Filter>Header Files</Filter>
    </ClInclude>
    <ClInclude Include="Mathematics\Runtime\Public\OP_CalculateFunction.h">
      <Filter>Header Files</Filter>
    </ClInclude>
    <ClInclude Include="Mathematics\Runtime\Public\OP_Divide.h">
      <Filter>Header Files</Filter>
    </ClInclude>
    <ClInclude Include="Mathematics\Runtime\Public\OP_GreaterThan.h">
      <Filter>Header Files</Filter>
    </ClInclude>
    <ClInclude Include="Mathematics\Runtime\Public\OP_If.h">
      <Filter>Header Files</Filter>
    </ClInclude>
    <ClInclude Include="Mathematics\Runtime\Public\OP_Multiply.h">
      <Filter>Header Files</Filter>
    </ClInclude>
    <ClInclude Include="Mathematics\Runtime\Public\OP_Select.h">
      <Filter>Header Files</Filter>
    </ClInclude>
    <ClInclude Include="Mathematics\Runtime\Public\OP_Substract.h">
      <Filter>Header Files</Filter>
    </ClInclude>
    <ClInclude Include="Mathematics\Runtime\Public\Operation.h">
      <Filter>Header Files</Filter>
    </ClInclude>
    <ClInclude Include="Mathematics\Runtime\Public\Value.h">
      <Filter>Header Files</Filter>
    </ClInclude>
    <ClInclude Include="Mathematics\Runtime\Public\Value_id.h">
      <Filter>Header Files</Filter>
    </ClInclude>
    <ClInclude Include="Mathematics\Runtime\Public\Variable.h">
      <Filter>Header Files</Filter>
    </ClInclude>
    <ClInclude Include="PreProcessor\Classes\PrivateDefinitions.h">
      <Filter>Header Files</Filter>
    </ClInclude>
    <ClInclude Include="PreProcessor\Public\BuildMacros.h">
      <Filter>Header Files</Filter>
    </ClInclude>
    <ClInclude Include="PreProcessor\Public\CPPExtensions.h">
      <Filter>Header Files</Filter>
    </ClInclude>
    <ClInclude Include="PreProcessor\Public\Definitions.h">
      <Filter>Header Files</Filter>
    </ClInclude>
    <ClInclude Include="Reflection\Atomic\Classes\PointerReflectionTemplate.h">
      <Filter>Header Files</Filter>
    </ClInclude>
    <ClInclude Include="Reflection\Atomic\Classes\RPointerReflection.h">
      <Filter>Header Files</Filter>
    </ClInclude>
    <ClInclude Include="Reflection\Atomic\Classes\SimpleAtomReflection.h">
      <Filter>Header Files</Filter>
    </ClInclude>
    <ClInclude Include="Reflection\Atomic\Classes\VectorAtomReflection.h">
      <Filter>Header Files</Filter>
    </ClInclude>
    <ClInclude Include="Reflection\Atomic\Classes\VectorAtomReflectionTemplate.h">
      <Filter>Header Files</Filter>
    </ClInclude>
    <ClInclude Include="Reflection\Atomic\Public\Atom.h">
      <Filter>Header Files</Filter>
    </ClInclude>
    <ClInclude Include="Reflection\Atomic\Public\AtomReflection.h">
      <Filter>Header Files</Filter>
    </ClInclude>
    <ClInclude Include="Reflection\Atomic\Public\AtomReflectionProvider.h">
      <Filter>Header Files</Filter>
    </ClInclude>
    <ClInclude Include="Reflection\Atomic\Public\ReflectionFactory.h">
      <Filter>Header Files</Filter>
    </ClInclude>
    <ClInclude Include="Reflection\Element\Public\Element_ID.h">
      <Filter>Header Files</Filter>
    </ClInclude>
    <ClInclude Include="Reflection\Element\Public\ElementReflection.h">
      <Filter>Header Files</Filter>
    </ClInclude>
    <ClInclude Include="Reflection\Element\Public\ElementReflectionProvider.h">
      <Filter>Header Files</Filter>
    </ClInclude>
    <ClInclude Include="Reflection\Element\Public\RAbstractClass.h">
      <Filter>Header Files</Filter>
    </ClInclude>
    <ClInclude Include="Reflection\Element\Public\RApplication.h">
      <Filter>Header Files</Filter>
    </ClInclude>
    <ClInclude Include="Reflection\Element\Public\RClass.h">
      <Filter>Header Files</Filter>
    </ClInclude>
    <ClInclude Include="Reflection\Element\Public\RClassTemplate.h">
      <Filter>Header Files</Filter>
    </ClInclude>
    <ClInclude Include="Reflection\Element\Public\RContainer.h">
      <Filter>Header Files</Filter>
    </ClInclude>
    <ClInclude Include="Reflection\Element\Public\RElement.h">
      <Filter>Header Files</Filter>
    </ClInclude>
    <ClInclude Include="Reflection\Element\Public\RFunction.h">
      <Filter>Header Files</Filter>
    </ClInclude>
    <ClInclude Include="Reflection\Element\Public\RFunctionInterface.h">
      <Filter>Header Files</Filter>
    </ClInclude>
    <ClInclude Include="Reflection\Element\Public\RPointer.h">
      <Filter>Header Files</Filter>
    </ClInclude>
    <ClInclude Include="Reflection\Element\Public\RService.h">
      <Filter>Header Files</Filter>
    </ClInclude>
    <ClInclude Include="Reflection\NameAttribute\Public\Handle.h">
      <Filter>Header Files</Filter>
    </ClInclude>
    <ClInclude Include="Reflection\Type\Public\ObjectMirror.h">
      <Filter>Header Files</Filter>
    </ClInclude>
    <ClInclude Include="Reflection\Type\Public\ObjectMirrorTemplate.h">
      <Filter>Header Files</Filter>
    </ClInclude>
    <ClInclude Include="Reflection\Type\Public\TypeID.h">
      <Filter>Header Files</Filter>
    </ClInclude>
    <ClInclude Include="Reflection\Type\Public\VoidPointer.h">
      <Filter>Header Files</Filter>
    </ClInclude>
    <ClInclude Include="Meta\Public\StringParser.h">
      <Filter>Header Files</Filter>
    </ClInclude>
  </ItemGroup>
  <ItemGroup>
    <None Include="Project.mkcfg" />
    <None Include="Makefile.generated.mk" />
    <None Include="Makefile.generated.mkcfg" />
  </ItemGroup>
</Project>