<?xml version="1.0" encoding="utf-8"?>
<Project ToolsVersion="4.0" xmlns="http://schemas.microsoft.com/developer/msbuild/2003">
  <ItemGroup>
    <Filter Include="Source Files">
      <UniqueIdentifier>{4FC737F1-C7A5-4376-A066-2A32D752A2FF}</UniqueIdentifier>
      <Extensions>cpp;c;cc;cxx;def;odl;idl;hpj;bat;asm;asmx</Extensions>
    </Filter>
    <Filter Include="Header Files">
      <UniqueIdentifier>{93995380-89BD-4b04-88EB-625FBE52EBFB}</UniqueIdentifier>
      <Extensions>h;hh;hpp;hxx;hm;inl;inc;xsd</Extensions>
    </Filter>
    <Filter Include="Resource Files">
      <UniqueIdentifier>{67DA6AB6-F800-4c08-8B7A-83BB121AAD01}</UniqueIdentifier>
      <Extensions>rc;ico;cur;bmp;dlg;rc2;rct;bin;rgs;gif;jpg;jpeg;jpe;resx;tiff;tif;png;wav;mfcribbon-ms</Extensions>
    </Filter>
  </ItemGroup>
  <ItemGroup>
    <ClInclude Include="Core\Classes\PrivateDefinitions.h">
      <Filter>Header Files</Filter>
    </ClInclude>
    <ClInclude Include="Core\Public\Engine.h">
      <Filter>Header Files</Filter>
    </ClInclude>
    <ClInclude Include="Core\Public\Module.h">
      <Filter>Header Files</Filter>
    </ClInclude>
    <ClInclude Include="Core\Public\ModuleConfiguration.h">
      <Filter>Header Files</Filter>
    </ClInclude>
    <ClInclude Include="Engine\Applied\Public\IA_SSt.h">
      <Filter>Header Files</Filter>
    </ClInclude>
    <ClInclude Include="Engine\Framework\Public\Engine.h">
      <Filter>Header Files</Filter>
    </ClInclude>
    <ClInclude Include="Engine\Framework\Public\IData.h">
      <Filter>Header Files</Filter>
    </ClInclude>
    <ClInclude Include="Engine\Modules\Classes\MDebug.h">
      <Filter>Header Files</Filter>
    </ClInclude>
    <ClInclude Include="Engine\Modules\Classes\MNET_Base.h">
      <Filter>Header Files</Filter>
    </ClInclude>
    <ClInclude Include="Engine\Modules\Classes\MSimDec.h">
      <Filter>Header Files</Filter>
    </ClInclude>
    <ClInclude Include="Engine\Modules\Classes\MText.h">
      <Filter>Header Files</Filter>
    </ClInclude>
    <ClInclude Include="Engine\Modules\Classes\MTypes.h">
      <Filter>Header Files</Filter>
    </ClInclude>
    <ClInclude Include="Engine\Modules\Classes\SDL.h">
      <Filter>Header Files</Filter>
    </ClInclude>
    <ClInclude Include="Engine\Modules\Classes\SDL_GlobalVars.h">
      <Filter>Header Files</Filter>
    </ClInclude>
    <ClInclude Include="Engine\Modules\Classes\SDL_IA.h">
      <Filter>Header Files</Filter>
    </ClInclude>
    <ClInclude Include="Engine\Modules\Classes\SDL_Modules.h">
      <Filter>Header Files</Filter>
    </ClInclude>
    <ClInclude Include="Engine\Modules\Classes\SDL_Structure.h">
      <Filter>Header Files</Filter>
    </ClInclude>
    <ClInclude Include="Game\Public\Game.h">
      <Filter>Header Files</Filter>
    </ClInclude>
    <ClInclude Include="Game\Public\Game_SSt.h">
      <Filter>Header Files</Filter>
    </ClInclude>
    <ClInclude Include="Modules\Public\ActivationModule.h">
      <Filter>Header Files</Filter>
    </ClInclude>
    <ClInclude Include="SSt\Public\Engine_SSt.h">
      <Filter>Header Files</Filter>
    </ClInclude>
    <ClInclude Include="SSt\Public\SStModuleConfiguration.h">
      <Filter>Header Files</Filter>
    </ClInclude>
  </ItemGroup>
  <ItemGroup>
    <ClCompile Include="Core\Private\Engine.cpp">
      <Filter>Source Files</Filter>
    </ClCompile>
    <ClCompile Include="Engine\Applied\Private\IA_SSt.cpp">
      <Filter>Source Files</Filter>
    </ClCompile>
    <ClCompile Include="Engine\Framework\Private\Engine.cpp">
      <Filter>Source Files</Filter>
    </ClCompile>
    <ClCompile Include="Game\Private\Game.cpp">
      <Filter>Source Files</Filter>
    </ClCompile>
    <ClCompile Include="Game\Private\Game_SSt.cpp">
      <Filter>Source Files</Filter>
    </ClCompile>
    <ClCompile Include="Modules\Private\ActivationModule.cpp">
      <Filter>Source Files</Filter>
    </ClCompile>
    <ClCompile Include="SSt\Private\Engine_SSt.cpp">
      <Filter>Source Files</Filter>
    </ClCompile>
    <ClCompile Include="SSt\Private\SStModuleConfiguration.cpp">
      <Filter>Source Files</Filter>
    </ClCompile>
  </ItemGroup>
  <ItemGroup>
    <None Include="Makefile.generated.mk" />
    <None Include="Makefile.generated.mkcfg" />
    <None Include="Project.mkcfg" />
  </ItemGroup>
</Project>