<?xml version="1.0" encoding="utf-8"?>
<Project ToolsVersion="4.0" xmlns="http://schemas.microsoft.com/developer/msbuild/2003">
  <ItemGroup>
    <Filter Include="Source Files">
      <UniqueIdentifier>{4FC737F1-C7A5-4376-A066-2A32D752A2FF}</UniqueIdentifier>
      <Extensions>cpp;c;cc;cxx;def;odl;idl;hpj;bat;asm;asmx</Extensions>
    </Filter>
    <Filter Include="Header Files">
      <UniqueIdentifier>{93995380-89BD-4b04-88EB-625FBE52EBFB}</UniqueIdentifier>
      <Extensions>h;hh;hpp;hxx;hm;inl;inc;xsd</Extensions>
    </Filter>
    <Filter Include="Resource Files">
      <UniqueIdentifier>{67DA6AB6-F800-4c08-8B7A-83BB121AAD01}</UniqueIdentifier>
      <Extensions>rc;ico;cur;bmp;dlg;rc2;rct;bin;rgs;gif;jpg;jpeg;jpe;resx;tiff;tif;png;wav;mfcribbon-ms</Extensions>
    </Filter>
  </ItemGroup>
  <ItemGroup>
    <ClCompile Include="PlatformWindows\Private\Window_Win.cpp">
      <Filter>Source Files</Filter>
    </ClCompile>
    <ClCompile Include="ControlElements\Private\CCanvas.cpp">
      <Filter>Source Files</Filter>
    </ClCompile>
    <ClCompile Include="ControlElements\Private\CGraph.cpp">
      <Filter>Source Files</Filter>
    </ClCompile>
    <ClCompile Include="ControlElements\Private\Control.cpp">
      <Filter>Source Files</Filter>
    </ClCompile>
    <ClCompile Include="ControlElements\Private\CTable.cpp">
      <Filter>Source Files</Filter>
    </ClCompile>
    <ClCompile Include="ControlElements\Private\CTextBox.cpp">
      <Filter>Source Files</Filter>
    </ClCompile>
    <ClCompile Include="Core\Private\Window.cpp">
      <Filter>Source Files</Filter>
    </ClCompile>
    <ClCompile Include="Core\Private\Window_Base.cpp">
      <Filter>Source Files</Filter>
    </ClCompile>
    <ClCompile Include="DataStructures\Private\cPoint.cpp">
      <Filter>Source Files</Filter>
    </ClCompile>
    <ClCompile Include="DataStructures\Private\fCanvasObject.cpp">
      <Filter>Source Files</Filter>
    </ClCompile>
    <ClCompile Include="DataStructures\Private\fColor.cpp">
      <Filter>Source Files</Filter>
    </ClCompile>
    <ClCompile Include="DataStructures\Private\fPoint.cpp">
      <Filter>Source Files</Filter>
    </ClCompile>
    <ClCompile Include="DataStructures\Private\pxPoint.cpp">
      <Filter>Source Files</Filter>
    </ClCompile>
    <ClCompile Include="PlatformLinux\Private\Window_Ubu.cpp">
      <Filter>Source Files</Filter>
    </ClCompile>
  </ItemGroup>
  <ItemGroup>
    <ClInclude Include="PlatformWindows\Public\Window_Win.h">
      <Filter>Header Files</Filter>
    </ClInclude>
    <ClInclude Include="ControlElements\Public\CCanvas.h">
      <Filter>Header Files</Filter>
    </ClInclude>
    <ClInclude Include="ControlElements\Public\CGraph.h">
      <Filter>Header Files</Filter>
    </ClInclude>
    <ClInclude Include="ControlElements\Public\Control.h">
      <Filter>Header Files</Filter>
    </ClInclude>
    <ClInclude Include="ControlElements\Public\CTable.h">
      <Filter>Header Files</Filter>
    </ClInclude>
    <ClInclude Include="ControlElements\Public\CTextBox.h">
      <Filter>Header Files</Filter>
    </ClInclude>
    <ClInclude Include="Core\Classes\PrivateDefinitions.h">
      <Filter>Header Files</Filter>
    </ClInclude>
    <ClInclude Include="Core\Public\Window.h">
      <Filter>Header Files</Filter>
    </ClInclude>
    <ClInclude Include="Core\Public\Window_Base.h">
      <Filter>Header Files</Filter>
    </ClInclude>
    <ClInclude Include="DataStructures\Public\cPoint.h">
      <Filter>Header Files</Filter>
    </ClInclude>
    <ClInclude Include="DataStructures\Public\fCanvasObject.h">
      <Filter>Header Files</Filter>
    </ClInclude>
    <ClInclude Include="DataStructures\Public\fColor.h">
      <Filter>Header Files</Filter>
    </ClInclude>
    <ClInclude Include="DataStructures\Public\fPoint.h">
      <Filter>Header Files</Filter>
    </ClInclude>
    <ClInclude Include="DataStructures\Public\pxPoint.h">
      <Filter>Header Files</Filter>
    </ClInclude>
    <ClInclude Include="PlatformLinux\Public\Window_Ubu.h">
      <Filter>Header Files</Filter>
    </ClInclude>
  </ItemGroup>
  <ItemGroup>
    <None Include="Makefile.generated.mk" />
    <None Include="Makefile.generated.mkcfg" />
    <None Include="Project.mkcfg" />
  </ItemGroup>
</Project>