<?xml version="1.0" encoding="utf-8"?>
<Project ToolsVersion="4.0" xmlns="http://schemas.microsoft.com/developer/msbuild/2003">
  <ItemGroup>
    <Text Include="Makefile" />
  </ItemGroup>
  <ItemGroup>
    <Filter Include="Definitions">
      <UniqueIdentifier>{f869d965-44c5-43f4-a782-0e503e7cd01c}</UniqueIdentifier>
    </Filter>
    <Filter Include="IA_Engine">
      <UniqueIdentifier>{f88730ff-ff2e-4d2b-a054-e50a6aa6c175}</UniqueIdentifier>
    </Filter>
    <Filter Include="SO_Service">
      <UniqueIdentifier>{e519d717-66b1-42cf-af92-4e2be79eab17}</UniqueIdentifier>
    </Filter>
    <Filter Include="SO_Service\Console">
      <UniqueIdentifier>{45420253-abf0-4673-84ab-e94a463b473c}</UniqueIdentifier>
    </Filter>
    <Filter Include="SO_SysInterface">
      <UniqueIdentifier>{46552e71-f1fd-44f9-abaa-1c8c6715a702}</UniqueIdentifier>
    </Filter>
    <Filter Include="IA_Game">
      <UniqueIdentifier>{900edc59-187e-4e27-9ccb-052119e6c857}</UniqueIdentifier>
    </Filter>
    <Filter Include="IA_Engine\Framework">
      <UniqueIdentifier>{01ffa7df-1ad2-4397-a14f-7a2ca4f3ed27}</UniqueIdentifier>
    </Filter>
    <Filter Include="IA_Engine\Applied">
      <UniqueIdentifier>{0ed0f018-86f4-4058-92b5-9702ff5f0428}</UniqueIdentifier>
    </Filter>
    <Filter Include="IA_Game\Framework">
      <UniqueIdentifier>{d1a4acaf-c200-45f5-9e24-741f2f45be0d}</UniqueIdentifier>
    </Filter>
    <Filter Include="IA_Game\Applied">
      <UniqueIdentifier>{61dcbf89-6b4c-4853-9881-f1a6771f59e4}</UniqueIdentifier>
    </Filter>
    <Filter Include="SO_SysInterface\Base">
      <UniqueIdentifier>{0e24a3d0-3173-4aca-a100-90d8fe518bf6}</UniqueIdentifier>
    </Filter>
    <Filter Include="SO_SysInterface\Windows">
      <UniqueIdentifier>{d326b577-16c0-4d80-adc7-a83cf20c2f6c}</UniqueIdentifier>
    </Filter>
    <Filter Include="SO_SysInterface\Ubuntu">
      <UniqueIdentifier>{25b87c7e-1c8c-4c30-b07b-b67f95dda534}</UniqueIdentifier>
    </Filter>
    <Filter Include="SO_Drawing">
      <UniqueIdentifier>{cbe67a6a-158f-461e-8746-8849608ae239}</UniqueIdentifier>
    </Filter>
    <Filter Include="SO_Drawing\DataStructs">
      <UniqueIdentifier>{3b91202b-4fce-4ad8-a310-70f3a4030c11}</UniqueIdentifier>
    </Filter>
    <Filter Include="SO_Drawing\ControlElements">
      <UniqueIdentifier>{de7a986c-d5ed-4e55-ad77-afd4439b3e85}</UniqueIdentifier>
    </Filter>
    <Filter Include="ZABS_Math">
      <UniqueIdentifier>{327b3e7d-3975-4279-a537-1ecd2f150df7}</UniqueIdentifier>
    </Filter>
    <Filter Include="ZABS_Math\DataStructs">
      <UniqueIdentifier>{a426412a-29ab-4302-beab-325429bcaf26}</UniqueIdentifier>
    </Filter>
    <Filter Include="SO_UI">
      <UniqueIdentifier>{8b1ad79d-d31b-4aa2-a87e-d72676c4a2a5}</UniqueIdentifier>
    </Filter>
    <Filter Include="SO_UI\Information">
      <UniqueIdentifier>{e119b606-dfa1-46a2-a35f-59bb040b173c}</UniqueIdentifier>
    </Filter>
    <Filter Include="IA_MeaningStream">
      <UniqueIdentifier>{db8af4a7-a31b-446c-b79a-77ca8a00f5cb}</UniqueIdentifier>
    </Filter>
    <Filter Include="SO_UI\Explorer">
      <UniqueIdentifier>{500110fc-ca57-4efa-8187-ef2f2c810582}</UniqueIdentifier>
    </Filter>
    <Filter Include="IA_MeaningStream\ExtendedData">
      <UniqueIdentifier>{24d08b07-654a-420b-bb7c-5538c27a10f3}</UniqueIdentifier>
    </Filter>
    <Filter Include="IA_MeaningStream\SDL">
      <UniqueIdentifier>{669a74c2-6ab2-4254-9fc5-450576707535}</UniqueIdentifier>
    </Filter>
    <Filter Include="IA_Engine\Modules">
      <UniqueIdentifier>{fcda6d60-2c70-4451-87c6-339e0520965a}</UniqueIdentifier>
    </Filter>
    <Filter Include="ZABS_Math\Random">
      <UniqueIdentifier>{ef806e19-932c-49dd-926e-285027872ea4}</UniqueIdentifier>
    </Filter>
    <Filter Include="SO_Service\InternCommunication">
      <UniqueIdentifier>{e497adcf-b925-4e7b-9e49-f569b26cb1e4}</UniqueIdentifier>
    </Filter>
    <Filter Include="SO_Service\MeaningStream">
      <UniqueIdentifier>{94b49bce-731d-4a0f-b389-d6ca089d11b5}</UniqueIdentifier>
    </Filter>
    <Filter Include="SO_Base">
      <UniqueIdentifier>{54219e13-e0ca-4fce-9edc-11a2539d6c05}</UniqueIdentifier>
    </Filter>
  </ItemGroup>
  <ItemGroup>
    <ClInclude Include="src\Definitions\stdafx.h">
      <Filter>Definitions</Filter>
    </ClInclude>
    <ClInclude Include="src\IA_Engine\Framework\Engine.h">
      <Filter>IA_Engine\Framework</Filter>
    </ClInclude>
    <ClInclude Include="src\IA_Game\Framework\Game.h">
      <Filter>IA_Game\Framework</Filter>
    </ClInclude>
    <ClInclude Include="src\SO_Service\Console\ConsoleService.h">
      <Filter>SO_Service\Console</Filter>
    </ClInclude>
    <ClInclude Include="src\SO_SysInterface\Base\Thread.h">
      <Filter>SO_SysInterface\Base</Filter>
    </ClInclude>
    <ClInclude Include="src\SO_SysInterface\Windows\Window_Win.h">
      <Filter>SO_SysInterface\Windows</Filter>
    </ClInclude>
    <ClInclude Include="src\SO_SysInterface\Base\Window_Base.h">
      <Filter>SO_SysInterface\Base</Filter>
    </ClInclude>
    <ClInclude Include="src\Definitions\Definitions.h">
      <Filter>Definitions</Filter>
    </ClInclude>
    <ClInclude Include="src\SO_SysInterface\main.h">
      <Filter>SO_SysInterface</Filter>
    </ClInclude>
    <ClInclude Include="src\SO_SysInterface\Ubuntu\Window_Ubu.h">
      <Filter>SO_SysInterface\Ubuntu</Filter>
    </ClInclude>
    <ClInclude Include="src\ZABS_Math\DataStructs\Vector2D.h">
      <Filter>ZABS_Math\DataStructs</Filter>
    </ClInclude>
    <ClInclude Include="src\SO_Drawing\DataStructs\fPoint.h">
      <Filter>SO_Drawing\DataStructs</Filter>
    </ClInclude>
    <ClInclude Include="src\SO_Drawing\DataStructs\pxPoint.h">
      <Filter>SO_Drawing\DataStructs</Filter>
    </ClInclude>
    <ClInclude Include="src\SO_Drawing\ControlElements\CCanvas.h">
      <Filter>SO_Drawing\ControlElements</Filter>
    </ClInclude>
    <ClInclude Include="src\SO_Drawing\ControlElements\Control.h">
      <Filter>SO_Drawing\ControlElements</Filter>
    </ClInclude>
    <ClInclude Include="src\SO_SysInterface\Base\Window.h">
      <Filter>SO_SysInterface\Base</Filter>
    </ClInclude>
    <ClInclude Include="src\SO_Drawing\DataStructs\fColor.h">
      <Filter>SO_Drawing\DataStructs</Filter>
    </ClInclude>
    <ClInclude Include="src\SO_Drawing\DataStructs\cPoint.h">
      <Filter>SO_Drawing\DataStructs</Filter>
    </ClInclude>
    <ClInclude Include="src\SO_Drawing\DataStructs\fCanvasObject.h">
      <Filter>SO_Drawing\DataStructs</Filter>
    </ClInclude>
    <ClInclude Include="src\SO_Drawing\ControlElements\CTextBox.h">
      <Filter>SO_Drawing\ControlElements</Filter>
    </ClInclude>
    <ClInclude Include="src\SO_UI\Information\DebugVisual.h">
      <Filter>SO_UI\Information</Filter>
    </ClInclude>
    <ClInclude Include="src\SO_UI\Explorer\DataExplorer.h">
      <Filter>SO_UI\Explorer</Filter>
    </ClInclude>
    <ClInclude Include="src\IA_MeaningStream\ExtendedData\ExData.h">
      <Filter>IA_MeaningStream\ExtendedData</Filter>
    </ClInclude>
    <ClInclude Include="src\SO_UI\Explorer\DEGraph.h">
      <Filter>SO_UI\Explorer</Filter>
    </ClInclude>
    <ClInclude Include="src\IA_MeaningStream\SDL\SDL.h">
      <Filter>IA_MeaningStream\SDL</Filter>
    </ClInclude>
    <ClInclude Include="src\IA_MeaningStream\SDL\SDL_IA.h">
      <Filter>IA_MeaningStream\SDL</Filter>
    </ClInclude>
    <ClInclude Include="src\IA_Engine\Framework\IData.h">
      <Filter>IA_Engine\Framework</Filter>
    </ClInclude>
    <ClInclude Include="src\IA_Engine\Applied\IA_SSt.h">
      <Filter>IA_Engine\Applied</Filter>
    </ClInclude>
    <ClInclude Include="src\IA_Engine\Modules\MTypes.h">
      <Filter>IA_Engine\Modules</Filter>
    </ClInclude>
    <ClInclude Include="src\IA_Engine\Modules\MText.h">
      <Filter>IA_Engine\Modules</Filter>
    </ClInclude>
    <ClInclude Include="src\IA_Engine\Modules\MNET_Base.h">
      <Filter>IA_Engine\Modules</Filter>
    </ClInclude>
    <ClInclude Include="src\IA_MeaningStream\SDL\SDL_Modules.h">
      <Filter>IA_MeaningStream\SDL</Filter>
    </ClInclude>
    <ClInclude Include="src\IA_Engine\Modules\MSimDec.h">
      <Filter>IA_Engine\Modules</Filter>
    </ClInclude>
    <ClInclude Include="src\IA_MeaningStream\SDL\SDL_GlobalVars.h">
      <Filter>IA_MeaningStream\SDL</Filter>
    </ClInclude>
    <ClInclude Include="src\IA_MeaningStream\SDL\SDL_Structure.h">
      <Filter>IA_MeaningStream\SDL</Filter>
    </ClInclude>
    <ClInclude Include="src\IA_Game\Applied\Game_SSt.h">
      <Filter>IA_Game\Applied</Filter>
    </ClInclude>
    <ClInclude Include="src\ZABS_Math\Random\Random.h">
      <Filter>ZABS_Math\Random</Filter>
    </ClInclude>
    <ClInclude Include="src\IA_MeaningStream\ExtendedData\ExGroup.h">
      <Filter>IA_MeaningStream\ExtendedData</Filter>
    </ClInclude>
    <ClInclude Include="src\IA_MeaningStream\ExtendedData\ExDSet.h">
      <Filter>IA_MeaningStream\ExtendedData</Filter>
    </ClInclude>
    <ClInclude Include="src\IA_MeaningStream\ExtendedData\IGroupingCriteria.h">
      <Filter>IA_MeaningStream\ExtendedData</Filter>
    </ClInclude>
    <ClInclude Include="src\IA_MeaningStream\ExtendedData\GroupCrit_Parentage.h">
      <Filter>IA_MeaningStream\ExtendedData</Filter>
    </ClInclude>
    <ClInclude Include="src\IA_MeaningStream\ExtendedData\IGroupFunction.h">
      <Filter>IA_MeaningStream\ExtendedData</Filter>
    </ClInclude>
    <ClInclude Include="src\IA_MeaningStream\ExtendedData\GroupFunc_DataPoints.h">
      <Filter>IA_MeaningStream\ExtendedData</Filter>
    </ClInclude>
    <ClInclude Include="src\IA_MeaningStream\ExtendedData\IDraw.h">
      <Filter>IA_MeaningStream\ExtendedData</Filter>
    </ClInclude>
    <ClInclude Include="src\IA_MeaningStream\ExtendedData\Draw_2D.h">
      <Filter>IA_MeaningStream\ExtendedData</Filter>
    </ClInclude>
    <ClInclude Include="src\ZABS_Math\DataStructs\VectorND.h">
      <Filter>ZABS_Math\DataStructs</Filter>
    </ClInclude>
    <ClInclude Include="src\IA_MeaningStream\ExtendedData\GroupCrit_Equal.h">
      <Filter>IA_MeaningStream\ExtendedData</Filter>
    </ClInclude>
    <ClInclude Include="src\SO_Service\InternCommunication\ICom.h">
      <Filter>SO_Service\InternCommunication</Filter>
    </ClInclude>
    <ClInclude Include="src\SO_Service\InternCommunication\ComService.h">
      <Filter>SO_Service\InternCommunication</Filter>
    </ClInclude>
    <ClInclude Include="src\SO_Service\InternCommunication\Com_Cmd.h">
      <Filter>SO_Service\InternCommunication</Filter>
    </ClInclude>
    <ClInclude Include="src\SO_Service\MeaningStream\MeaningService.h">
      <Filter>SO_Service\MeaningStream</Filter>
    </ClInclude>
    <ClInclude Include="src\SO_Base\ICmd.h">
      <Filter>SO_Base</Filter>
    </ClInclude>
    <ClInclude Include="src\SO_Service\InternCommunication\IIComIO.h">
      <Filter>SO_Service\InternCommunication</Filter>
    </ClInclude>
    <ClInclude Include="src\SO_Base\Handle.h">
      <Filter>SO_Base</Filter>
    </ClInclude>
    <ClInclude Include="src\SO_Base\VoidPointer.h">
      <Filter>SO_Base</Filter>
    </ClInclude>
  </ItemGroup>
  <ItemGroup>
    <ClCompile Include="src\IA_Engine\Framework\Engine.cpp">
      <Filter>IA_Engine\Framework</Filter>
    </ClCompile>
    <ClCompile Include="src\IA_Game\Framework\Game.cpp">
      <Filter>IA_Game\Framework</Filter>
    </ClCompile>
    <ClCompile Include="src\SO_SysInterface\main.cpp">
      <Filter>SO_SysInterface</Filter>
    </ClCompile>
    <ClCompile Include="src\SO_Service\Console\ConsoleService.cpp">
      <Filter>SO_Service\Console</Filter>
    </ClCompile>
    <ClCompile Include="src\SO_SysInterface\Base\Thread.cpp">
      <Filter>SO_SysInterface\Base</Filter>
    </ClCompile>
    <ClCompile Include="src\SO_SysInterface\Windows\Window_Win.cpp">
      <Filter>SO_SysInterface\Windows</Filter>
    </ClCompile>
    <ClCompile Include="src\SO_SysInterface\Base\Window_Base.cpp">
      <Filter>SO_SysInterface\Base</Filter>
    </ClCompile>
    <ClCompile Include="src\SO_SysInterface\Ubuntu\Window_Ubu.cpp">
      <Filter>SO_SysInterface\Ubuntu</Filter>
    </ClCompile>
    <ClCompile Include="src\ZABS_Math\DataStructs\Vector2D.cpp">
      <Filter>ZABS_Math\DataStructs</Filter>
    </ClCompile>
    <ClCompile Include="src\SO_Drawing\DataStructs\fPoint.cpp">
      <Filter>SO_Drawing\DataStructs</Filter>
    </ClCompile>
    <ClCompile Include="src\SO_Drawing\DataStructs\pxPoint.cpp">
      <Filter>SO_Drawing\DataStructs</Filter>
    </ClCompile>
    <ClCompile Include="src\SO_Drawing\ControlElements\CCanvas.cpp">
      <Filter>SO_Drawing\ControlElements</Filter>
    </ClCompile>
    <ClCompile Include="src\SO_Drawing\ControlElements\Control.cpp">
      <Filter>SO_Drawing\ControlElements</Filter>
    </ClCompile>
    <ClCompile Include="src\SO_SysInterface\Base\Window.cpp">
      <Filter>SO_SysInterface\Base</Filter>
    </ClCompile>
    <ClCompile Include="src\SO_Drawing\DataStructs\fColor.cpp">
      <Filter>SO_Drawing\DataStructs</Filter>
    </ClCompile>
    <ClCompile Include="src\SO_Drawing\DataStructs\cPoint.cpp">
      <Filter>SO_Drawing\DataStructs</Filter>
    </ClCompile>
    <ClCompile Include="src\SO_Drawing\DataStructs\fCanvasObject.cpp">
      <Filter>SO_Drawing\DataStructs</Filter>
    </ClCompile>
    <ClCompile Include="src\SO_Drawing\ControlElements\CTextBox.cpp">
      <Filter>SO_Drawing\ControlElements</Filter>
    </ClCompile>
    <ClCompile Include="src\SO_UI\Information\DebugVisual.cpp">
      <Filter>SO_UI\Information</Filter>
    </ClCompile>
    <ClCompile Include="src\SO_UI\Explorer\DataExplorer.cpp">
      <Filter>SO_UI\Explorer</Filter>
    </ClCompile>
    <ClCompile Include="src\IA_MeaningStream\ExtendedData\ExData.cpp">
      <Filter>IA_MeaningStream\ExtendedData</Filter>
    </ClCompile>
    <ClCompile Include="src\SO_UI\Explorer\DEGraph.cpp">
      <Filter>SO_UI\Explorer</Filter>
    </ClCompile>
    <ClCompile Include="src\IA_Engine\Applied\IA_SSt.cpp">
      <Filter>IA_Engine\Applied</Filter>
    </ClCompile>
    <ClCompile Include="src\IA_Game\Applied\Game_SSt.cpp">
      <Filter>IA_Game\Applied</Filter>
    </ClCompile>
    <ClCompile Include="src\ZABS_Math\Random\Random.cpp">
      <Filter>ZABS_Math\Random</Filter>
    </ClCompile>
    <ClCompile Include="src\IA_MeaningStream\ExtendedData\ExGroup.cpp">
      <Filter>IA_MeaningStream\ExtendedData</Filter>
    </ClCompile>
    <ClCompile Include="src\IA_MeaningStream\ExtendedData\ExDSet.cpp">
      <Filter>IA_MeaningStream\ExtendedData</Filter>
    </ClCompile>
    <ClCompile Include="src\IA_MeaningStream\ExtendedData\GroupCrit_Parentage.cpp">
      <Filter>IA_MeaningStream\ExtendedData</Filter>
    </ClCompile>
    <ClCompile Include="src\IA_MeaningStream\ExtendedData\GroupFunc_DataPoints.cpp">
      <Filter>IA_MeaningStream\ExtendedData</Filter>
    </ClCompile>
    <ClCompile Include="src\IA_MeaningStream\ExtendedData\Draw_2D.cpp">
      <Filter>IA_MeaningStream\ExtendedData</Filter>
    </ClCompile>
    <ClCompile Include="src\ZABS_Math\DataStructs\VectorND.cpp">
      <Filter>ZABS_Math\DataStructs</Filter>
    </ClCompile>
    <ClCompile Include="src\IA_MeaningStream\ExtendedData\GroupCrit_Equal.cpp">
      <Filter>IA_MeaningStream\ExtendedData</Filter>
    </ClCompile>
    <ClCompile Include="src\SO_Service\MeaningStream\MeaningService.cpp">
      <Filter>SO_Service\MeaningStream</Filter>
    </ClCompile>
    <ClCompile Include="src\SO_Service\InternCommunication\ComService.cpp">
      <Filter>SO_Service\InternCommunication</Filter>
    </ClCompile>
    <ClCompile Include="src\SO_Service\InternCommunication\IIComIO.cpp">
      <Filter>SO_Service\InternCommunication</Filter>
    </ClCompile>
    <ClCompile Include="src\SO_Base\VoidPointer.cpp">
      <Filter>SO_Base</Filter>
    </ClCompile>
  </ItemGroup>
  <ItemGroup>
    <None Include="make.cfg" />
  </ItemGroup>
</Project>